
Microsoft Visual Studio Solution File, Format Version 12.00
# Visual Studio 15
VisualStudioVersion = 15.0.26430.4
MinimumVisualStudioVersion = 10.0.40219.1
Project("{FAE04EC0-301F-11D3-BF4B-00C04F79EFBC}") = "engenious", "engenious\engenious.csproj", "{E1FF7BDB-D631-4D4D-B5A1-988778AD15B6}"
EndProject
Project("{FAE04EC0-301F-11D3-BF4B-00C04F79EFBC}") = "Sample", "Sample\Sample.csproj", "{9C6821E8-5880-4CD7-99D1-47ED811A99C2}"
	ProjectSection(ProjectDependencies) = postProject
		{E264C8BD-25AF-4A27-8396-DD8DA8414931} = {E264C8BD-25AF-4A27-8396-DD8DA8414931}
	EndProjectSection
EndProject
Project("{FAE04EC0-301F-11D3-BF4B-00C04F79EFBC}") = "engenious.Pipeline", "ContentPipeline\engenious.Pipeline.csproj", "{9771E0FC-D752-4D7A-89E4-4F6FA2EC3C1D}"
EndProject
Project("{2150E333-8FDC-42A3-9474-1A3956D46DE8}") = "Solution Items", "Solution Items", "{BDF2FEF9-9A0C-4C88-AA7D-755B205500D0}"
	ProjectSection(SolutionItems) = preProject
		libs\Assimp32.dll = libs\Assimp32.dll
		libs\Assimp64.dll = libs\Assimp64.dll
		libs\Assimp64.so = libs\Assimp64.so
		cake.config = cake.config
		SolutionInfo.cs = SolutionInfo.cs
	EndProjectSection
EndProject
Project("{FAE04EC0-301F-11D3-BF4B-00C04F79EFBC}") = "ContentTool", "ContentTool\ContentTool.csproj", "{E264C8BD-25AF-4A27-8396-DD8DA8414931}"
EndProject
Global
	GlobalSection(SolutionConfigurationPlatforms) = preSolution
		Debug|Any CPU = Debug|Any CPU
		Debug|x86 = Debug|x86
		Release|Any CPU = Release|Any CPU
		Release|x86 = Release|x86
	EndGlobalSection
	GlobalSection(ProjectConfigurationPlatforms) = postSolution
		{E1FF7BDB-D631-4D4D-B5A1-988778AD15B6}.Debug|Any CPU.ActiveCfg = Debug|Any CPU
		{E1FF7BDB-D631-4D4D-B5A1-988778AD15B6}.Debug|Any CPU.Build.0 = Debug|Any CPU
		{E1FF7BDB-D631-4D4D-B5A1-988778AD15B6}.Debug|x86.ActiveCfg = Debug|Any CPU
		{E1FF7BDB-D631-4D4D-B5A1-988778AD15B6}.Debug|x86.Build.0 = Debug|Any CPU
		{E1FF7BDB-D631-4D4D-B5A1-988778AD15B6}.Release|Any CPU.ActiveCfg = Release|Any CPU
		{E1FF7BDB-D631-4D4D-B5A1-988778AD15B6}.Release|Any CPU.Build.0 = Release|Any CPU
		{E1FF7BDB-D631-4D4D-B5A1-988778AD15B6}.Release|x86.ActiveCfg = Release|Any CPU
		{E1FF7BDB-D631-4D4D-B5A1-988778AD15B6}.Release|x86.Build.0 = Release|Any CPU
		{9C6821E8-5880-4CD7-99D1-47ED811A99C2}.Debug|Any CPU.ActiveCfg = Debug|Any CPU
		{9C6821E8-5880-4CD7-99D1-47ED811A99C2}.Debug|Any CPU.Build.0 = Debug|Any CPU
		{9C6821E8-5880-4CD7-99D1-47ED811A99C2}.Debug|x86.ActiveCfg = Debug|Any CPU
		{9C6821E8-5880-4CD7-99D1-47ED811A99C2}.Debug|x86.Build.0 = Debug|Any CPU
		{9C6821E8-5880-4CD7-99D1-47ED811A99C2}.Release|Any CPU.ActiveCfg = Release|Any CPU
		{9C6821E8-5880-4CD7-99D1-47ED811A99C2}.Release|Any CPU.Build.0 = Release|Any CPU
		{9C6821E8-5880-4CD7-99D1-47ED811A99C2}.Release|x86.ActiveCfg = Release|Any CPU
		{9C6821E8-5880-4CD7-99D1-47ED811A99C2}.Release|x86.Build.0 = Release|Any CPU
		{9771E0FC-D752-4D7A-89E4-4F6FA2EC3C1D}.Debug|Any CPU.ActiveCfg = Debug|Any CPU
		{9771E0FC-D752-4D7A-89E4-4F6FA2EC3C1D}.Debug|Any CPU.Build.0 = Debug|Any CPU
		{9771E0FC-D752-4D7A-89E4-4F6FA2EC3C1D}.Debug|x86.ActiveCfg = Debug|Any CPU
		{9771E0FC-D752-4D7A-89E4-4F6FA2EC3C1D}.Debug|x86.Build.0 = Debug|Any CPU
		{9771E0FC-D752-4D7A-89E4-4F6FA2EC3C1D}.Release|Any CPU.ActiveCfg = Release|Any CPU
		{9771E0FC-D752-4D7A-89E4-4F6FA2EC3C1D}.Release|Any CPU.Build.0 = Release|Any CPU
		{9771E0FC-D752-4D7A-89E4-4F6FA2EC3C1D}.Release|x86.ActiveCfg = Release|Any CPU
		{9771E0FC-D752-4D7A-89E4-4F6FA2EC3C1D}.Release|x86.Build.0 = Release|Any CPU
		{E264C8BD-25AF-4A27-8396-DD8DA8414931}.Debug|Any CPU.ActiveCfg = Debug|Any CPU
		{E264C8BD-25AF-4A27-8396-DD8DA8414931}.Debug|Any CPU.Build.0 = Debug|Any CPU
		{E264C8BD-25AF-4A27-8396-DD8DA8414931}.Debug|x86.ActiveCfg = Debug|Any CPU
		{E264C8BD-25AF-4A27-8396-DD8DA8414931}.Debug|x86.Build.0 = Debug|Any CPU
		{E264C8BD-25AF-4A27-8396-DD8DA8414931}.Release|Any CPU.ActiveCfg = Release|Any CPU
		{E264C8BD-25AF-4A27-8396-DD8DA8414931}.Release|Any CPU.Build.0 = Release|Any CPU
		{E264C8BD-25AF-4A27-8396-DD8DA8414931}.Release|x86.ActiveCfg = Release|Any CPU
		{E264C8BD-25AF-4A27-8396-DD8DA8414931}.Release|x86.Build.0 = Release|Any CPU
	EndGlobalSection
	GlobalSection(SolutionProperties) = preSolution
		HideSolutionNode = FALSE
	EndGlobalSection
EndGlobal
